
Microsoft Visual Studio Solution File, Format Version 12.00
# Visual Studio 15
VisualStudioVersion = 15.0.27428.2015
MinimumVisualStudioVersion = 10.0.40219.1
Project("{FAE04EC0-301F-11D3-BF4B-00C04F79EFBC}") = "Crafting_browser_for_Arelith", "Crafting_browser_for_Arelith\Crafting_browser_for_Arelith.csproj", "{B4174048-569F-42FE-A4D3-3670509C5D96}"
EndProject
Global
	GlobalSection(SolutionConfigurationPlatforms) = preSolution
		Debug|Any CPU = Debug|Any CPU
		Release|Any CPU = Release|Any CPU
	EndGlobalSection
	GlobalSection(ProjectConfigurationPlatforms) = postSolution
		{B4174048-569F-42FE-A4D3-3670509C5D96}.Debug|Any CPU.ActiveCfg = Debug|Any CPU
		{B4174048-569F-42FE-A4D3-3670509C5D96}.Debug|Any CPU.Build.0 = Debug|Any CPU
		{B4174048-569F-42FE-A4D3-3670509C5D96}.Release|Any CPU.ActiveCfg = Release|Any CPU
		{B4174048-569F-42FE-A4D3-3670509C5D96}.Release|Any CPU.Build.0 = Release|Any CPU
	EndGlobalSection
	GlobalSection(SolutionProperties) = preSolution
		HideSolutionNode = FALSE
	EndGlobalSection
	GlobalSection(ExtensibilityGlobals) = postSolution
		SolutionGuid = {60A4F854-601C-49BD-BFBF-7AA85A182DCA}
	EndGlobalSection
EndGlobal
